{
	"integrity": "sha1-V/QNA2gy5fUFVmKjl8Tedu1mv2E=",
	"dependencies": {
		"ultron": {
			"version": "1.0.2",
			"resolved": "https://registry.npmjs.org/ultron/-/ultron-1.0.2.tgz",
			"integrity": "sha1-rOEWq1V80Zc4ak6I9GhTeMiy5Po="
		}
	}
},
"xcode": {
	"version": "0.9.3",
	"resolved": "https://registry.npmjs.org/xcode/-/xcode-0.9.3.tgz",
	"integrity": "sha1-kQqJwWrubMC0LKgFptC0z4chHPM=",
	"dependencies": {
		"uuid": {
			"version": "3.0.1",
			"resolved": "https://registry.npmjs.org/uuid/-/uuid-3.0.1.tgz",
			"integrity": "sha1-ZUS7ot/ajBzxfmKaOjBeK7H+5sE="
		}
	}
},
"xmlbuilder": {
	"version": "4.0.0",
	"resolved": "https://registry.npmjs.org/xmlbuilder/-/xmlbuilder-4.0.0.tgz",
	"integrity": "sha1-mLj2UcowqmJANvEn0RzGbce5B6M=",
	"dependencies": {
		"lodash": {
			"version": "3.10.1",
			"resolved": "https://registry.npmjs.org/lodash/-/lodash-3.10.1.tgz",
			"integrity": "sha1-W/Rejkm6QYnhfUgnid/RW9FAt7Y="
		}
	}
},
"xmldoc": {
	"version": "0.4.0",
	"resolved": "https://registry.npmjs.org/xmldoc/-/xmldoc-0.4.0.tgz",
	"integrity": "sha1-0lciS+g5PqrL+DfvIn/Y7CWzaIg="
},
"xmldom": {
	"version": "0.1.27",
	"resolved": "https://registry.npmjs.org/xmldom/-/xmldom-0.1.27.tgz",
	"integrity": "sha1-1QH5ezvbQDr4757MIFcxh6rawOk="
},
"xpipe": {
	"version": "1.0.5",
	"resolved": "https://registry.npmjs.org/xpipe/-/xpipe-1.0.5.tgz",
	"integrity": "sha1-jdi/Rfw/f1Xw4FS4ePQ6YmFNr98="
},
"xtend": {
	"version": "4.0.1",
	"resolved": "https://registry.npmjs.org/xtend/-/xtend-4.0.1.tgz",
	"integrity": "sha1-pcbVMr5lbiPbgg77lDofBJmNY68="
},
"y18n": {
	"version": "3.2.1",
	"resolved": "https://registry.npmjs.org/y18n/-/y18n-3.2.1.tgz",
	"integrity": "sha1-bRX7qITAhnnA136I53WegR4H+kE="
},
"yallist": {
	"version": "2.1.2",
	"resolved": "https://registry.npmjs.org/yallist/-/yallist-2.1.2.tgz",
	"integrity": "sha1-HBH5IY8HYImkfdUS+TxmmaaoHVI="
},
"yargs": {
	"version": "6.6.0",
	"resolved": "https://registry.npmjs.org/yargs/-/yargs-6.6.0.tgz",
	"integrity": "sha1-eC7CHvQDNF+DCoCMo9UTr1YGUgg=",
	"dependencies": {
		"camelcase": {
			"version": "3.0.0",
			"resolved": "https://registry.npmjs.org/camelcase/-/camelcase-3.0.0.tgz",
			"integrity": "sha1-MvxLn82vhF/N9+c7uXysImHwqwo="
		},
		"cliui": {
			"version": "3.2.0",
			"resolved": "https://registry.npmjs.org/cliui/-/cliui-3.2.0.tgz",
			"integrity": "sha1-EgYBU3qRbSmUD5NNo7SNWFo5IT0="
		},
		"is-fullwidth-code-point": {
			"version": "1.0.0",
			"resolved": "https://registry.npmjs.org/is-fullwidth-code-point/-/is-fullwidth-code-point-1.0.0.tgz",
			"integrity": "sha1-754xOG8DGn8NZDr4L95QxFfvAMs="
		},
		"string-width": {
			"version": "1.0.2",
			"resolved": "https://registry.npmjs.org/string-width/-/string-width-1.0.2.tgz",
			"integrity": "sha1-EYvfW4zcUaKn5w0hHgfisLmxB9M="
		}
	}
},
"yargs-parser": {
	"version": "4.2.1",
	"resolved": "https://registry.npmjs.org/yargs-parser/-/yargs-parser-4.2.1.tgz",
	"integrity": "sha1-KczqwNxPA8bIe0qfIX3RjJ90hxw=",
	"dependencies": {
		"camelcase": {
			"version": "3.0.0",
			"resolved": "https://registry.npmjs.org/camelcase/-/camelcase-3.0.0.tgz",
			"integrity": "sha1-MvxLn82vhF/N9+c7uXysImHwqwo="
		}
	}
}
}
}